// !$*UTF8*$!
{
	archiveVersion = 1;
	classes = {
	};
	objectVersion = 46;
	objects = {

/* Begin PBXBuildFile section */
		1D24A34B1E6A556A00E82BD4 /* AppDelegate.swift in Sources */ = {isa = PBXBuildFile; fileRef = 1D24A34A1E6A556A00E82BD4 /* AppDelegate.swift */; };
		1D24A3521E6A556A00E82BD4 /* Assets.xcassets in Resources */ = {isa = PBXBuildFile; fileRef = 1D24A3511E6A556A00E82BD4 /* Assets.xcassets */; };
		1D24A3551E6A556A00E82BD4 /* LaunchScreen.storyboard in Resources */ = {isa = PBXBuildFile; fileRef = 1D24A3531E6A556A00E82BD4 /* LaunchScreen.storyboard */; };
		1D24A3601E6A556A00E82BD4 /* MachiawaseTests.swift in Sources */ = {isa = PBXBuildFile; fileRef = 1D24A35F1E6A556A00E82BD4 /* MachiawaseTests.swift */; };
		1D24A36B1E6A556A00E82BD4 /* MachiawaseUITests.swift in Sources */ = {isa = PBXBuildFile; fileRef = 1D24A36A1E6A556A00E82BD4 /* MachiawaseUITests.swift */; };
		43EDDD971E6A58BD00C9B314 /* DebugViewController.swift in Sources */ = {isa = PBXBuildFile; fileRef = 43EDDD961E6A58BD00C9B314 /* DebugViewController.swift */; };
		43EDDD9B1E6A5F7300C9B314 /* CameraViewController.swift in Sources */ = {isa = PBXBuildFile; fileRef = 43EDDD9A1E6A5F7300C9B314 /* CameraViewController.swift */; };
		43EDDD9D1E6A5F9500C9B314 /* CaptureStillImageView.swift in Sources */ = {isa = PBXBuildFile; fileRef = 43EDDD9C1E6A5F9500C9B314 /* CaptureStillImageView.swift */; };
		43EDDDA01E6A651000C9B314 /* LoginViewController.swift in Sources */ = {isa = PBXBuildFile; fileRef = 43EDDD9F1E6A651000C9B314 /* LoginViewController.swift */; };
/* End PBXBuildFile section */

/* Begin PBXContainerItemProxy section */
		1D24A35C1E6A556A00E82BD4 /* PBXContainerItemProxy */ = {
			isa = PBXContainerItemProxy;
			containerPortal = 1D24A33F1E6A556A00E82BD4 /* Project object */;
			proxyType = 1;
			remoteGlobalIDString = 1D24A3461E6A556A00E82BD4;
			remoteInfo = Machiawase;
		};
		1D24A3671E6A556A00E82BD4 /* PBXContainerItemProxy */ = {
			isa = PBXContainerItemProxy;
			containerPortal = 1D24A33F1E6A556A00E82BD4 /* Project object */;
			proxyType = 1;
			remoteGlobalIDString = 1D24A3461E6A556A00E82BD4;
			remoteInfo = Machiawase;
		};
/* End PBXContainerItemProxy section */

/* Begin PBXFileReference section */
		1D24A3471E6A556A00E82BD4 /* Machiawase.app */ = {isa = PBXFileReference; explicitFileType = wrapper.application; includeInIndex = 0; path = Machiawase.app; sourceTree = BUILT_PRODUCTS_DIR; };
		1D24A34A1E6A556A00E82BD4 /* AppDelegate.swift */ = {isa = PBXFileReference; lastKnownFileType = sourcecode.swift; path = AppDelegate.swift; sourceTree = "<group>"; };
		1D24A3511E6A556A00E82BD4 /* Assets.xcassets */ = {isa = PBXFileReference; lastKnownFileType = folder.assetcatalog; path = Assets.xcassets; sourceTree = "<group>"; };
		1D24A3541E6A556A00E82BD4 /* Base */ = {isa = PBXFileReference; lastKnownFileType = file.storyboard; name = Base; path = Base.lproj/LaunchScreen.storyboard; sourceTree = "<group>"; };
		1D24A3561E6A556A00E82BD4 /* Info.plist */ = {isa = PBXFileReference; lastKnownFileType = text.plist.xml; path = Info.plist; sourceTree = "<group>"; };
		1D24A35B1E6A556A00E82BD4 /* MachiawaseTests.xctest */ = {isa = PBXFileReference; explicitFileType = wrapper.cfbundle; includeInIndex = 0; path = MachiawaseTests.xctest; sourceTree = BUILT_PRODUCTS_DIR; };
		1D24A35F1E6A556A00E82BD4 /* MachiawaseTests.swift */ = {isa = PBXFileReference; lastKnownFileType = sourcecode.swift; path = MachiawaseTests.swift; sourceTree = "<group>"; };
		1D24A3611E6A556A00E82BD4 /* Info.plist */ = {isa = PBXFileReference; lastKnownFileType = text.plist.xml; path = Info.plist; sourceTree = "<group>"; };
		1D24A3661E6A556A00E82BD4 /* MachiawaseUITests.xctest */ = {isa = PBXFileReference; explicitFileType = wrapper.cfbundle; includeInIndex = 0; path = MachiawaseUITests.xctest; sourceTree = BUILT_PRODUCTS_DIR; };
		1D24A36A1E6A556A00E82BD4 /* MachiawaseUITests.swift */ = {isa = PBXFileReference; lastKnownFileType = sourcecode.swift; path = MachiawaseUITests.swift; sourceTree = "<group>"; };
		1D24A36C1E6A556A00E82BD4 /* Info.plist */ = {isa = PBXFileReference; lastKnownFileType = text.plist.xml; path = Info.plist; sourceTree = "<group>"; };
		43EDDD961E6A58BD00C9B314 /* DebugViewController.swift */ = {isa = PBXFileReference; fileEncoding = 4; lastKnownFileType = sourcecode.swift; path = DebugViewController.swift; sourceTree = "<group>"; };
		43EDDD9A1E6A5F7300C9B314 /* CameraViewController.swift */ = {isa = PBXFileReference; fileEncoding = 4; lastKnownFileType = sourcecode.swift; path = CameraViewController.swift; sourceTree = "<group>"; };
		43EDDD9C1E6A5F9500C9B314 /* CaptureStillImageView.swift */ = {isa = PBXFileReference; fileEncoding = 4; lastKnownFileType = sourcecode.swift; path = CaptureStillImageView.swift; sourceTree = "<group>"; };
		43EDDD9F1E6A651000C9B314 /* LoginViewController.swift */ = {isa = PBXFileReference; fileEncoding = 4; lastKnownFileType = sourcecode.swift; path = LoginViewController.swift; sourceTree = "<group>"; };
/* End PBXFileReference section */

/* Begin PBXFrameworksBuildPhase section */
		1D24A3441E6A556A00E82BD4 /* Frameworks */ = {
			isa = PBXFrameworksBuildPhase;
			buildActionMask = 2147483647;
			files = (
			);
			runOnlyForDeploymentPostprocessing = 0;
		};
		1D24A3581E6A556A00E82BD4 /* Frameworks */ = {
			isa = PBXFrameworksBuildPhase;
			buildActionMask = 2147483647;
			files = (
			);
			runOnlyForDeploymentPostprocessing = 0;
		};
		1D24A3631E6A556A00E82BD4 /* Frameworks */ = {
			isa = PBXFrameworksBuildPhase;
			buildActionMask = 2147483647;
			files = (
			);
			runOnlyForDeploymentPostprocessing = 0;
		};
/* End PBXFrameworksBuildPhase section */

/* Begin PBXGroup section */
		1D24A33E1E6A556A00E82BD4 = {
			isa = PBXGroup;
			children = (
				1D24A3491E6A556A00E82BD4 /* Machiawase */,
				1D24A35E1E6A556A00E82BD4 /* MachiawaseTests */,
				1D24A3691E6A556A00E82BD4 /* MachiawaseUITests */,
				1D24A3481E6A556A00E82BD4 /* Products */,
			);
			sourceTree = "<group>";
		};
		1D24A3481E6A556A00E82BD4 /* Products */ = {
			isa = PBXGroup;
			children = (
				1D24A3471E6A556A00E82BD4 /* Machiawase.app */,
				1D24A35B1E6A556A00E82BD4 /* MachiawaseTests.xctest */,
				1D24A3661E6A556A00E82BD4 /* MachiawaseUITests.xctest */,
			);
			name = Products;
			sourceTree = "<group>";
		};
		1D24A3491E6A556A00E82BD4 /* Machiawase */ = {
			isa = PBXGroup;
			children = (
				1D24A34A1E6A556A00E82BD4 /* AppDelegate.swift */,
				43EDDD961E6A58BD00C9B314 /* DebugViewController.swift */,
				43EDDD9E1E6A650400C9B314 /* Login */,
				43EDDD991E6A5F5F00C9B314 /* Camera */,
				1D24A3511E6A556A00E82BD4 /* Assets.xcassets */,
				1D24A3531E6A556A00E82BD4 /* LaunchScreen.storyboard */,
				1D24A3561E6A556A00E82BD4 /* Info.plist */,
			);
			path = Machiawase;
			sourceTree = "<group>";
		};
		1D24A35E1E6A556A00E82BD4 /* MachiawaseTests */ = {
			isa = PBXGroup;
			children = (
				1D24A35F1E6A556A00E82BD4 /* MachiawaseTests.swift */,
				1D24A3611E6A556A00E82BD4 /* Info.plist */,
			);
			path = MachiawaseTests;
			sourceTree = "<group>";
		};
		1D24A3691E6A556A00E82BD4 /* MachiawaseUITests */ = {
			isa = PBXGroup;
			children = (
				1D24A36A1E6A556A00E82BD4 /* MachiawaseUITests.swift */,
				1D24A36C1E6A556A00E82BD4 /* Info.plist */,
			);
			path = MachiawaseUITests;
			sourceTree = "<group>";
		};
		43EDDD991E6A5F5F00C9B314 /* Camera */ = {
			isa = PBXGroup;
			children = (
				43EDDD9A1E6A5F7300C9B314 /* CameraViewController.swift */,
				43EDDD9C1E6A5F9500C9B314 /* CaptureStillImageView.swift */,
			);
			path = Camera;
			sourceTree = "<group>";
		};
		43EDDD9E1E6A650400C9B314 /* Login */ = {
			isa = PBXGroup;
			children = (
				43EDDD9F1E6A651000C9B314 /* LoginViewController.swift */,
			);
			path = Login;
			sourceTree = "<group>";
		};
/* End PBXGroup section */

/* Begin PBXNativeTarget section */
		1D24A3461E6A556A00E82BD4 /* Machiawase */ = {
			isa = PBXNativeTarget;
			buildConfigurationList = 1D24A36F1E6A556A00E82BD4 /* Build configuration list for PBXNativeTarget "Machiawase" */;
			buildPhases = (
				1D24A3431E6A556A00E82BD4 /* Sources */,
				1D24A3441E6A556A00E82BD4 /* Frameworks */,
				1D24A3451E6A556A00E82BD4 /* Resources */,
			);
			buildRules = (
			);
			dependencies = (
			);
			name = Machiawase;
			productName = Machiawase;
			productReference = 1D24A3471E6A556A00E82BD4 /* Machiawase.app */;
			productType = "com.apple.product-type.application";
		};
		1D24A35A1E6A556A00E82BD4 /* MachiawaseTests */ = {
			isa = PBXNativeTarget;
			buildConfigurationList = 1D24A3721E6A556A00E82BD4 /* Build configuration list for PBXNativeTarget "MachiawaseTests" */;
			buildPhases = (
				1D24A3571E6A556A00E82BD4 /* Sources */,
				1D24A3581E6A556A00E82BD4 /* Frameworks */,
				1D24A3591E6A556A00E82BD4 /* Resources */,
			);
			buildRules = (
			);
			dependencies = (
				1D24A35D1E6A556A00E82BD4 /* PBXTargetDependency */,
			);
			name = MachiawaseTests;
			productName = MachiawaseTests;
			productReference = 1D24A35B1E6A556A00E82BD4 /* MachiawaseTests.xctest */;
			productType = "com.apple.product-type.bundle.unit-test";
		};
		1D24A3651E6A556A00E82BD4 /* MachiawaseUITests */ = {
			isa = PBXNativeTarget;
			buildConfigurationList = 1D24A3751E6A556A00E82BD4 /* Build configuration list for PBXNativeTarget "MachiawaseUITests" */;
			buildPhases = (
				1D24A3621E6A556A00E82BD4 /* Sources */,
				1D24A3631E6A556A00E82BD4 /* Frameworks */,
				1D24A3641E6A556A00E82BD4 /* Resources */,
			);
			buildRules = (
			);
			dependencies = (
				1D24A3681E6A556A00E82BD4 /* PBXTargetDependency */,
			);
			name = MachiawaseUITests;
			productName = MachiawaseUITests;
			productReference = 1D24A3661E6A556A00E82BD4 /* MachiawaseUITests.xctest */;
			productType = "com.apple.product-type.bundle.ui-testing";
		};
/* End PBXNativeTarget section */

/* Begin PBXProject section */
		1D24A33F1E6A556A00E82BD4 /* Project object */ = {
			isa = PBXProject;
			attributes = {
				LastSwiftUpdateCheck = 0820;
				LastUpgradeCheck = 0820;
				ORGANIZATIONNAME = hazukit;
				TargetAttributes = {
					1D24A3461E6A556A00E82BD4 = {
						CreatedOnToolsVersion = 8.2.1;
						DevelopmentTeam = QTG7MUN42X;
						ProvisioningStyle = Automatic;
					};
					1D24A35A1E6A556A00E82BD4 = {
						CreatedOnToolsVersion = 8.2.1;
						ProvisioningStyle = Automatic;
						TestTargetID = 1D24A3461E6A556A00E82BD4;
					};
					1D24A3651E6A556A00E82BD4 = {
						CreatedOnToolsVersion = 8.2.1;
						ProvisioningStyle = Automatic;
						TestTargetID = 1D24A3461E6A556A00E82BD4;
					};
				};
			};
			buildConfigurationList = 1D24A3421E6A556A00E82BD4 /* Build configuration list for PBXProject "Machiawase" */;
			compatibilityVersion = "Xcode 3.2";
			developmentRegion = English;
			hasScannedForEncodings = 0;
			knownRegions = (
				en,
				Base,
			);
			mainGroup = 1D24A33E1E6A556A00E82BD4;
			productRefGroup = 1D24A3481E6A556A00E82BD4 /* Products */;
			projectDirPath = "";
			projectRoot = "";
			targets = (
				1D24A3461E6A556A00E82BD4 /* Machiawase */,
				1D24A35A1E6A556A00E82BD4 /* MachiawaseTests */,
				1D24A3651E6A556A00E82BD4 /* MachiawaseUITests */,
			);
		};
/* End PBXProject section */

/* Begin PBXResourcesBuildPhase section */
		1D24A3451E6A556A00E82BD4 /* Resources */ = {
			isa = PBXResourcesBuildPhase;
			buildActionMask = 2147483647;
			files = (
				1D24A3551E6A556A00E82BD4 /* LaunchScreen.storyboard in Resources */,
				1D24A3521E6A556A00E82BD4 /* Assets.xcassets in Resources */,
			);
			runOnlyForDeploymentPostprocessing = 0;
		};
		1D24A3591E6A556A00E82BD4 /* Resources */ = {
			isa = PBXResourcesBuildPhase;
			buildActionMask = 2147483647;
			files = (
			);
			runOnlyForDeploymentPostprocessing = 0;
		};
		1D24A3641E6A556A00E82BD4 /* Resources */ = {
			isa = PBXResourcesBuildPhase;
			buildActionMask = 2147483647;
			files = (
			);
			runOnlyForDeploymentPostprocessing = 0;
		};
/* End PBXResourcesBuildPhase section */

/* Begin PBXSourcesBuildPhase section */
		1D24A3431E6A556A00E82BD4 /* Sources */ = {
			isa = PBXSourcesBuildPhase;
			buildActionMask = 2147483647;
			files = (
				43EDDD9D1E6A5F9500C9B314 /* CaptureStillImageView.swift in Sources */,
				43EDDD971E6A58BD00C9B314 /* DebugViewController.swift in Sources */,
				1D24A34B1E6A556A00E82BD4 /* AppDelegate.swift in Sources */,
				43EDDDA01E6A651000C9B314 /* LoginViewController.swift in Sources */,
				43EDDD9B1E6A5F7300C9B314 /* CameraViewController.swift in Sources */,
			);
			runOnlyForDeploymentPostprocessing = 0;
		};
		1D24A3571E6A556A00E82BD4 /* Sources */ = {
			isa = PBXSourcesBuildPhase;
			buildActionMask = 2147483647;
			files = (
				1D24A3601E6A556A00E82BD4 /* MachiawaseTests.swift in Sources */,
			);
			runOnlyForDeploymentPostprocessing = 0;
		};
		1D24A3621E6A556A00E82BD4 /* Sources */ = {
			isa = PBXSourcesBuildPhase;
			buildActionMask = 2147483647;
			files = (
				1D24A36B1E6A556A00E82BD4 /* MachiawaseUITests.swift in Sources */,
			);
			runOnlyForDeploymentPostprocessing = 0;
		};
/* End PBXSourcesBuildPhase section */

/* Begin PBXTargetDependency section */
		1D24A35D1E6A556A00E82BD4 /* PBXTargetDependency */ = {
			isa = PBXTargetDependency;
			target = 1D24A3461E6A556A00E82BD4 /* Machiawase */;
			targetProxy = 1D24A35C1E6A556A00E82BD4 /* PBXContainerItemProxy */;
		};
		1D24A3681E6A556A00E82BD4 /* PBXTargetDependency */ = {
			isa = PBXTargetDependency;
			target = 1D24A3461E6A556A00E82BD4 /* Machiawase */;
			targetProxy = 1D24A3671E6A556A00E82BD4 /* PBXContainerItemProxy */;
		};
/* End PBXTargetDependency section */

/* Begin PBXVariantGroup section */
		1D24A3531E6A556A00E82BD4 /* LaunchScreen.storyboard */ = {
			isa = PBXVariantGroup;
			children = (
				1D24A3541E6A556A00E82BD4 /* Base */,
			);
			name = LaunchScreen.storyboard;
			sourceTree = "<group>";
		};
/* End PBXVariantGroup section */

/* Begin XCBuildConfiguration section */
		1D24A36D1E6A556A00E82BD4 /* Debug */ = {
			isa = XCBuildConfiguration;
			buildSettings = {
				ALWAYS_SEARCH_USER_PATHS = NO;
				CLANG_ANALYZER_NONNULL = YES;
				CLANG_CXX_LANGUAGE_STANDARD = "gnu++0x";
				CLANG_CXX_LIBRARY = "libc++";
				CLANG_ENABLE_MODULES = YES;
				CLANG_ENABLE_OBJC_ARC = YES;
				CLANG_WARN_BOOL_CONVERSION = YES;
				CLANG_WARN_CONSTANT_CONVERSION = YES;
				CLANG_WARN_DIRECT_OBJC_ISA_USAGE = YES_ERROR;
				CLANG_WARN_DOCUMENTATION_COMMENTS = YES;
				CLANG_WARN_EMPTY_BODY = YES;
				CLANG_WARN_ENUM_CONVERSION = YES;
				CLANG_WARN_INFINITE_RECURSION = YES;
				CLANG_WARN_INT_CONVERSION = YES;
				CLANG_WARN_OBJC_ROOT_CLASS = YES_ERROR;
				CLANG_WARN_SUSPICIOUS_MOVE = YES;
				CLANG_WARN_UNREACHABLE_CODE = YES;
				CLANG_WARN__DUPLICATE_METHOD_MATCH = YES;
				"CODE_SIGN_IDENTITY[sdk=iphoneos*]" = "iPhone Developer";
				COPY_PHASE_STRIP = NO;
				DEBUG_INFORMATION_FORMAT = dwarf;
				ENABLE_STRICT_OBJC_MSGSEND = YES;
				ENABLE_TESTABILITY = YES;
				GCC_C_LANGUAGE_STANDARD = gnu99;
				GCC_DYNAMIC_NO_PIC = NO;
				GCC_NO_COMMON_BLOCKS = YES;
				GCC_OPTIMIZATION_LEVEL = 0;
				GCC_PREPROCESSOR_DEFINITIONS = (
					"DEBUG=1",
					"$(inherited)",
				);
				GCC_WARN_64_TO_32_BIT_CONVERSION = YES;
				GCC_WARN_ABOUT_RETURN_TYPE = YES_ERROR;
				GCC_WARN_UNDECLARED_SELECTOR = YES;
				GCC_WARN_UNINITIALIZED_AUTOS = YES_AGGRESSIVE;
				GCC_WARN_UNUSED_FUNCTION = YES;
				GCC_WARN_UNUSED_VARIABLE = YES;
				IPHONEOS_DEPLOYMENT_TARGET = 10.2;
				MTL_ENABLE_DEBUG_INFO = YES;
				ONLY_ACTIVE_ARCH = YES;
				SDKROOT = iphoneos;
				SWIFT_ACTIVE_COMPILATION_CONDITIONS = DEBUG;
				SWIFT_OPTIMIZATION_LEVEL = "-Onone";
			};
			name = Debug;
		};
		1D24A36E1E6A556A00E82BD4 /* Release */ = {
			isa = XCBuildConfiguration;
			buildSettings = {
				ALWAYS_SEARCH_USER_PATHS = NO;
				CLANG_ANALYZER_NONNULL = YES;
				CLANG_CXX_LANGUAGE_STANDARD = "gnu++0x";
				CLANG_CXX_LIBRARY = "libc++";
				CLANG_ENABLE_MODULES = YES;
				CLANG_ENABLE_OBJC_ARC = YES;
				CLANG_WARN_BOOL_CONVERSION = YES;
				CLANG_WARN_CONSTANT_CONVERSION = YES;
				CLANG_WARN_DIRECT_OBJC_ISA_USAGE = YES_ERROR;
				CLANG_WARN_DOCUMENTATION_COMMENTS = YES;
				CLANG_WARN_EMPTY_BODY = YES;
				CLANG_WARN_ENUM_CONVERSION = YES;
				CLANG_WARN_INFINITE_RECURSION = YES;
				CLANG_WARN_INT_CONVERSION = YES;
				CLANG_WARN_OBJC_ROOT_CLASS = YES_ERROR;
				CLANG_WARN_SUSPICIOUS_MOVE = YES;
				CLANG_WARN_UNREACHABLE_CODE = YES;
				CLANG_WARN__DUPLICATE_METHOD_MATCH = YES;
				"CODE_SIGN_IDENTITY[sdk=iphoneos*]" = "iPhone Developer";
				COPY_PHASE_STRIP = NO;
				DEBUG_INFORMATION_FORMAT = "dwarf-with-dsym";
				ENABLE_NS_ASSERTIONS = NO;
				ENABLE_STRICT_OBJC_MSGSEND = YES;
				GCC_C_LANGUAGE_STANDARD = gnu99;
				GCC_NO_COMMON_BLOCKS = YES;
				GCC_WARN_64_TO_32_BIT_CONVERSION = YES;
				GCC_WARN_ABOUT_RETURN_TYPE = YES_ERROR;
				GCC_WARN_UNDECLARED_SELECTOR = YES;
				GCC_WARN_UNINITIALIZED_AUTOS = YES_AGGRESSIVE;
				GCC_WARN_UNUSED_FUNCTION = YES;
				GCC_WARN_UNUSED_VARIABLE = YES;
				IPHONEOS_DEPLOYMENT_TARGET = 10.2;
				MTL_ENABLE_DEBUG_INFO = NO;
				SDKROOT = iphoneos;
				SWIFT_OPTIMIZATION_LEVEL = "-Owholemodule";
				VALIDATE_PRODUCT = YES;
			};
			name = Release;
		};
		1D24A3701E6A556A00E82BD4 /* Debug */ = {
			isa = XCBuildConfiguration;
			buildSettings = {
				ASSETCATALOG_COMPILER_APPICON_NAME = AppIcon;
				"CODE_SIGN_IDENTITY[sdk=iphoneos*]" = "iPhone Developer";
				DEVELOPMENT_TEAM = QTG7MUN42X;
				INFOPLIST_FILE = Machiawase/Info.plist;
				LD_RUNPATH_SEARCH_PATHS = "$(inherited) @executable_path/Frameworks";
				PRODUCT_BUNDLE_IDENTIFIER = hazukit.com.Machiawase;
				PRODUCT_NAME = "$(TARGET_NAME)";
				SWIFT_VERSION = 3.0;
			};
			name = Debug;
		};
		1D24A3711E6A556A00E82BD4 /* Release */ = {
			isa = XCBuildConfiguration;
			buildSettings = {
				ASSETCATALOG_COMPILER_APPICON_NAME = AppIcon;
				"CODE_SIGN_IDENTITY[sdk=iphoneos*]" = "iPhone Developer";
				DEVELOPMENT_TEAM = QTG7MUN42X;
				INFOPLIST_FILE = Machiawase/Info.plist;
				LD_RUNPATH_SEARCH_PATHS = "$(inherited) @executable_path/Frameworks";
				PRODUCT_BUNDLE_IDENTIFIER = hazukit.com.Machiawase;
				PRODUCT_NAME = "$(TARGET_NAME)";
				SWIFT_VERSION = 3.0;
			};
			name = Release;
		};
		1D24A3731E6A556A00E82BD4 /* Debug */ = {
			isa = XCBuildConfiguration;
			buildSettings = {
				ALWAYS_EMBED_SWIFT_STANDARD_LIBRARIES = YES;
				BUNDLE_LOADER = "$(TEST_HOST)";
				INFOPLIST_FILE = MachiawaseTests/Info.plist;
				LD_RUNPATH_SEARCH_PATHS = "$(inherited) @executable_path/Frameworks @loader_path/Frameworks";
				PRODUCT_BUNDLE_IDENTIFIER = hazukit.com.MachiawaseTests;
				PRODUCT_NAME = "$(TARGET_NAME)";
				SWIFT_VERSION = 3.0;
				TEST_HOST = "$(BUILT_PRODUCTS_DIR)/Machiawase.app/Machiawase";
			};
			name = Debug;
		};
		1D24A3741E6A556A00E82BD4 /* Release */ = {
			isa = XCBuildConfiguration;
			buildSettings = {
				ALWAYS_EMBED_SWIFT_STANDARD_LIBRARIES = YES;
				BUNDLE_LOADER = "$(TEST_HOST)";
				INFOPLIST_FILE = MachiawaseTests/Info.plist;
				LD_RUNPATH_SEARCH_PATHS = "$(inherited) @executable_path/Frameworks @loader_path/Frameworks";
				PRODUCT_BUNDLE_IDENTIFIER = hazukit.com.MachiawaseTests;
				PRODUCT_NAME = "$(TARGET_NAME)";
				SWIFT_VERSION = 3.0;
				TEST_HOST = "$(BUILT_PRODUCTS_DIR)/Machiawase.app/Machiawase";
			};
			name = Release;
		};
		1D24A3761E6A556A00E82BD4 /* Debug */ = {
			isa = XCBuildConfiguration;
			buildSettings = {
				ALWAYS_EMBED_SWIFT_STANDARD_LIBRARIES = YES;
				INFOPLIST_FILE = MachiawaseUITests/Info.plist;
				LD_RUNPATH_SEARCH_PATHS = "$(inherited) @executable_path/Frameworks @loader_path/Frameworks";
				PRODUCT_BUNDLE_IDENTIFIER = hazukit.com.MachiawaseUITests;
				PRODUCT_NAME = "$(TARGET_NAME)";
				SWIFT_VERSION = 3.0;
				TEST_TARGET_NAME = Machiawase;
			};
			name = Debug;
		};
		1D24A3771E6A556A00E82BD4 /* Release */ = {
			isa = XCBuildConfiguration;
			buildSettings = {
				ALWAYS_EMBED_SWIFT_STANDARD_LIBRARIES = YES;
				INFOPLIST_FILE = MachiawaseUITests/Info.plist;
				LD_RUNPATH_SEARCH_PATHS = "$(inherited) @executable_path/Frameworks @loader_path/Frameworks";
				PRODUCT_BUNDLE_IDENTIFIER = hazukit.com.MachiawaseUITests;
				PRODUCT_NAME = "$(TARGET_NAME)";
				SWIFT_VERSION = 3.0;
				TEST_TARGET_NAME = Machiawase;
			};
			name = Release;
		};
/* End XCBuildConfiguration section */

/* Begin XCConfigurationList section */
		1D24A3421E6A556A00E82BD4 /* Build configuration list for PBXProject "Machiawase" */ = {
			isa = XCConfigurationList;
			buildConfigurations = (
				1D24A36D1E6A556A00E82BD4 /* Debug */,
				1D24A36E1E6A556A00E82BD4 /* Release */,
			);
			defaultConfigurationIsVisible = 0;
			defaultConfigurationName = Release;
		};
		1D24A36F1E6A556A00E82BD4 /* Build configuration list for PBXNativeTarget "Machiawase" */ = {
			isa = XCConfigurationList;
			buildConfigurations = (
				1D24A3701E6A556A00E82BD4 /* Debug */,
				1D24A3711E6A556A00E82BD4 /* Release */,
			);
			defaultConfigurationIsVisible = 0;
			defaultConfigurationName = Release;
		};
		1D24A3721E6A556A00E82BD4 /* Build configuration list for PBXNativeTarget "MachiawaseTests" */ = {
			isa = XCConfigurationList;
			buildConfigurations = (
				1D24A3731E6A556A00E82BD4 /* Debug */,
				1D24A3741E6A556A00E82BD4 /* Release */,
			);
			defaultConfigurationIsVisible = 0;
			defaultConfigurationName = Release;
		};
		1D24A3751E6A556A00E82BD4 /* Build configuration list for PBXNativeTarget "MachiawaseUITests" */ = {
			isa = XCConfigurationList;
			buildConfigurations = (
				1D24A3761E6A556A00E82BD4 /* Debug */,
				1D24A3771E6A556A00E82BD4 /* Release */,
			);
			defaultConfigurationIsVisible = 0;
			defaultConfigurationName = Release;
		};
/* End XCConfigurationList section */
	};
	rootObject = 1D24A33F1E6A556A00E82BD4 /* Project object */;
}
